<?xml version="1.0" encoding="utf-8"?>
<Project ToolsVersion="4.0" xmlns="http://schemas.microsoft.com/developer/msbuild/2003">
  <ItemGroup>
    <Filter Include="Source Files">
      <UniqueIdentifier>{4FC737F1-C7A5-4376-A066-2A32D752A2FF}</UniqueIdentifier>
      <Extensions>cpp;c;cc;cxx;def;odl;idl;hpj;bat;asm;asmx</Extensions>
    </Filter>
    <Filter Include="Header Files">
      <UniqueIdentifier>{93995380-89BD-4b04-88EB-625FBE52EBFB}</UniqueIdentifier>
      <Extensions>h;hh;hpp;hxx;hm;inl;inc;xsd</Extensions>
    </Filter>
    <Filter Include="Resource Files">
      <UniqueIdentifier>{67DA6AB6-F800-4c08-8B7A-83BB121AAD01}</UniqueIdentifier>
      <Extensions>rc;ico;cur;bmp;dlg;rc2;rct;bin;rgs;gif;jpg;jpeg;jpe;resx;tiff;tif;png;wav;mfcribbon-ms</Extensions>
    </Filter>
    <Filter Include="Header Files\IsiLcdLib">
      <UniqueIdentifier>{6161a5ac-2c64-48a4-b697-8d08c1bb554c}</UniqueIdentifier>
    </Filter>
    <Filter Include="Source Files\IsiLcdLib">
      <UniqueIdentifier>{7b5c044b-9d56-4aaf-8902-be7f7a87791e}</UniqueIdentifier>
    </Filter>
  </ItemGroup>
  <ItemGroup>
    <Text Include="ReadMe.txt" />
  </ItemGroup>
  <ItemGroup>
    <ClInclude Include="SteampunkCalc.h">
      <Filter>Header Files</Filter>
    </ClInclude>
    <ClInclude Include="SteampunkCalcDlg.h">
      <Filter>Header Files</Filter>
    </ClInclude>
    <ClInclude Include="stdafx.h">
      <Filter>Header Files</Filter>
    </ClInclude>
    <ClInclude Include="targetver.h">
      <Filter>Header Files</Filter>
    </ClInclude>
    <ClInclude Include="Resource.h">
      <Filter>Header Files</Filter>
    </ClInclude>
    <ClInclude Include="PatButton.h">
      <Filter>Header Files</Filter>
    </ClInclude>
    <ClInclude Include="OwnerDrawBaseButton.h">
      <Filter>Header Files</Filter>
    </ClInclude>
    <ClInclude Include="CGdiPlusBitmap.h">
      <Filter>Header Files</Filter>
    </ClInclude>
    <ClInclude Include="IsiLcdLib\COLOR.H">
      <Filter>Header Files\IsiLcdLib</Filter>
    </ClInclude>
    <ClInclude Include="IsiLcdLib\GdiBorder.h">
      <Filter>Header Files\IsiLcdLib</Filter>
    </ClInclude>
    <ClInclude Include="IsiLcdLib\GdiPlusWnd.h">
      <Filter>Header Files\IsiLcdLib</Filter>
    </ClInclude>
    <ClInclude Include="IsiLcdLib\IsiCompBase.h">
      <Filter>Header Files\IsiLcdLib</Filter>
    </ClInclude>
    <ClInclude Include="IsiLcdLib\IsiLcdDisplay.h">
      <Filter>Header Files\IsiLcdLib</Filter>
    </ClInclude>
    <ClInclude Include="IsiLcdLib\MemDC.h">
      <Filter>Header Files\IsiLcdLib</Filter>
    </ClInclude>
    <ClInclude Include="IsiLcdLib\RoundRect.h">
      <Filter>Header Files\IsiLcdLib</Filter>
    </ClInclude>
    <ClInclude Include="PatStatic.h">
      <Filter>Header Files</Filter>
    </ClInclude>
  </ItemGroup>
  <ItemGroup>
    <ClCompile Include="SteampunkCalc.cpp">
      <Filter>Source Files</Filter>
    </ClCompile>
    <ClCompile Include="SteampunkCalcDlg.cpp">
      <Filter>Source Files</Filter>
    </ClCompile>
    <ClCompile Include="stdafx.cpp">
      <Filter>Source Files</Filter>
    </ClCompile>
    <ClCompile Include="PatButton.cpp">
      <Filter>Source Files</Filter>
    </ClCompile>
    <ClCompile Include="OwnerDrawBaseButton.cpp">
      <Filter>Source Files</Filter>
    </ClCompile>
    <ClCompile Include="IsiLcdLib\COLOR.CPP">
      <Filter>Source Files\IsiLcdLib</Filter>
    </ClCompile>
    <ClCompile Include="IsiLcdLib\GdiBorder.cpp">
      <Filter>Source Files\IsiLcdLib</Filter>
    </ClCompile>
    <ClCompile Include="IsiLcdLib\IsiCompBase.cpp">
      <Filter>Source Files\IsiLcdLib</Filter>
    </ClCompile>
    <ClCompile Include="IsiLcdLib\IsiLcdDisplay.cpp">
      <Filter>Source Files\IsiLcdLib</Filter>
    </ClCompile>
    <ClCompile Include="PatStatic.cpp">
      <Filter>Source Files</Filter>
    </ClCompile>
  </ItemGroup>
  <ItemGroup>
    <ResourceCompile Include="SteampunkCalc.rc">
      <Filter>Resource Files</Filter>
    </ResourceCompile>
  </ItemGroup>
  <ItemGroup>
    <None Include="res\SteampunkCalc.rc2">
      <Filter>Resource Files</Filter>
    </None>
    <None Include="ClassDiagram.cd" />
  </ItemGroup>
  <ItemGroup>
    <Image Include="res\SteampunkCalc.ico">
      <Filter>Resource Files</Filter>
    </Image>
    <Image Include="..\..\buttonNormal.png">
      <Filter>Resource Files</Filter>
    </Image>
    <Image Include="res\buttonNormal.bmp">
      <Filter>Resource Files</Filter>
    </Image>
    <Image Include="res\buttonPressed.bmp">
      <Filter>Resource Files</Filter>
    </Image>
    <Image Include="res\buttonNormal.png">
      <Filter>Resource Files</Filter>
    </Image>
    <Image Include="res\buttonPressed.png">
      <Filter>Resource Files</Filter>
    </Image>
    <Image Include="res\steam_frame.png">
      <Filter>Resource Files</Filter>
    </Image>
    <Image Include="res\Exit.png">
      <Filter>Resource Files</Filter>
    </Image>
    <Image Include="res\bitmap1.bmp">
      <Filter>Header Files</Filter>
    </Image>
    <Image Include="res\Off.png">
      <Filter>Resource Files</Filter>
    </Image>
    <Image Include="res\On.png">
      <Filter>Resource Files</Filter>
    </Image>
  </ItemGroup>
</Project>